// !$*UTF8*$!
{
	archiveVersion = 1;
	classes = {
	};
	objectVersion = 46;
	objects = {

/* Begin PBXBuildFile section */
		A87B9E311E9CAA500011D0F1 /* EventTableViewController.swift in Sources */ = {isa = PBXBuildFile; fileRef = A87B9E301E9CAA500011D0F1 /* EventTableViewController.swift */; };
		A87B9E331E9CB0D50011D0F1 /* EventTableViewCell.swift in Sources */ = {isa = PBXBuildFile; fileRef = A87B9E321E9CB0D50011D0F1 /* EventTableViewCell.swift */; };
		CA11516B1E95DF31005D1FBD /* Question.swift in Sources */ = {isa = PBXBuildFile; fileRef = CA11516A1E95DF31005D1FBD /* Question.swift */; };
		CA11516D1E95E14C005D1FBD /* User.swift in Sources */ = {isa = PBXBuildFile; fileRef = CA11516C1E95E14C005D1FBD /* User.swift */; };
		CA11516F1E960962005D1FBD /* Event.swift in Sources */ = {isa = PBXBuildFile; fileRef = CA11516E1E960962005D1FBD /* Event.swift */; };
		CA1151731E96263D005D1FBD /* SharedFunctionality.swift in Sources */ = {isa = PBXBuildFile; fileRef = CA1151721E96263D005D1FBD /* SharedFunctionality.swift */; };
		CA1151751E962694005D1FBD /* Constants.swift in Sources */ = {isa = PBXBuildFile; fileRef = CA1151741E962694005D1FBD /* Constants.swift */; };
		CAC0ACD71E949EC400DE0A76 /* AppDelegate.swift in Sources */ = {isa = PBXBuildFile; fileRef = CAC0ACD61E949EC400DE0A76 /* AppDelegate.swift */; };
		CAC0ACD91E949EC400DE0A76 /* AddEventViewController.swift in Sources */ = {isa = PBXBuildFile; fileRef = CAC0ACD81E949EC400DE0A76 /* AddEventViewController.swift */; };
		CAC0ACDC1E949EC400DE0A76 /* Main.storyboard in Resources */ = {isa = PBXBuildFile; fileRef = CAC0ACDA1E949EC400DE0A76 /* Main.storyboard */; };
		CAC0ACDE1E949EC400DE0A76 /* Assets.xcassets in Resources */ = {isa = PBXBuildFile; fileRef = CAC0ACDD1E949EC400DE0A76 /* Assets.xcassets */; };
		CAC0ACE11E949EC400DE0A76 /* LaunchScreen.storyboard in Resources */ = {isa = PBXBuildFile; fileRef = CAC0ACDF1E949EC400DE0A76 /* LaunchScreen.storyboard */; };
		CAF7E53D1E9E044800427E6F /* QuestionTableViewCell.swift in Sources */ = {isa = PBXBuildFile; fileRef = CAF7E53C1E9E044800427E6F /* QuestionTableViewCell.swift */; };
		CAF7E5411E9E11D000427E6F /* EventDetailViewController.swift in Sources */ = {isa = PBXBuildFile; fileRef = CAF7E5401E9E11D000427E6F /* EventDetailViewController.swift */; };
		CAF7E5471E9E20AC00427E6F /* like-off.png in Resources */ = {isa = PBXBuildFile; fileRef = CAF7E5431E9E20AC00427E6F /* like-off.png */; };
		CAF7E5481E9E20AC00427E6F /* like-on.png in Resources */ = {isa = PBXBuildFile; fileRef = CAF7E5441E9E20AC00427E6F /* like-on.png */; };
		CAF7E5491E9E20AC00427E6F /* vote-off.png in Resources */ = {isa = PBXBuildFile; fileRef = CAF7E5451E9E20AC00427E6F /* vote-off.png */; };
		CAF7E54A1E9E20AC00427E6F /* vote-on.png in Resources */ = {isa = PBXBuildFile; fileRef = CAF7E5461E9E20AC00427E6F /* vote-on.png */; };
		ECE751932060BD115616C580 /* Pods_RealmQnA.framework in Frameworks */ = {isa = PBXBuildFile; fileRef = BD816F903EFCE65490DE936B /* Pods_RealmQnA.framework */; };
/* End PBXBuildFile section */

/* Begin PBXFileReference section */
		92699347D316EA7016805D26 /* Pods-RealmQnA.debug.xcconfig */ = {isa = PBXFileReference; includeInIndex = 1; lastKnownFileType = text.xcconfig; name = "Pods-RealmQnA.debug.xcconfig"; path = "Pods/Target Support Files/Pods-RealmQnA/Pods-RealmQnA.debug.xcconfig"; sourceTree = "<group>"; };
		A87B9E301E9CAA500011D0F1 /* EventTableViewController.swift */ = {isa = PBXFileReference; fileEncoding = 4; lastKnownFileType = sourcecode.swift; path = EventTableViewController.swift; sourceTree = "<group>"; };
		A87B9E321E9CB0D50011D0F1 /* EventTableViewCell.swift */ = {isa = PBXFileReference; fileEncoding = 4; lastKnownFileType = sourcecode.swift; path = EventTableViewCell.swift; sourceTree = "<group>"; };
		BD816F903EFCE65490DE936B /* Pods_RealmQnA.framework */ = {isa = PBXFileReference; explicitFileType = wrapper.framework; includeInIndex = 0; path = Pods_RealmQnA.framework; sourceTree = BUILT_PRODUCTS_DIR; };
		CA11516A1E95DF31005D1FBD /* Question.swift */ = {isa = PBXFileReference; fileEncoding = 4; lastKnownFileType = sourcecode.swift; path = Question.swift; sourceTree = "<group>"; };
		CA11516C1E95E14C005D1FBD /* User.swift */ = {isa = PBXFileReference; fileEncoding = 4; lastKnownFileType = sourcecode.swift; path = User.swift; sourceTree = "<group>"; };
		CA11516E1E960962005D1FBD /* Event.swift */ = {isa = PBXFileReference; fileEncoding = 4; lastKnownFileType = sourcecode.swift; path = Event.swift; sourceTree = "<group>"; };
		CA1151721E96263D005D1FBD /* SharedFunctionality.swift */ = {isa = PBXFileReference; fileEncoding = 4; lastKnownFileType = sourcecode.swift; path = SharedFunctionality.swift; sourceTree = "<group>"; };
		CA1151741E962694005D1FBD /* Constants.swift */ = {isa = PBXFileReference; fileEncoding = 4; lastKnownFileType = sourcecode.swift; path = Constants.swift; sourceTree = "<group>"; };
		CAC0ACD31E949EC400DE0A76 /* RealmQnA.app */ = {isa = PBXFileReference; explicitFileType = wrapper.application; includeInIndex = 0; path = RealmQnA.app; sourceTree = BUILT_PRODUCTS_DIR; };
		CAC0ACD61E949EC400DE0A76 /* AppDelegate.swift */ = {isa = PBXFileReference; lastKnownFileType = sourcecode.swift; path = AppDelegate.swift; sourceTree = "<group>"; };
		CAC0ACD81E949EC400DE0A76 /* AddEventViewController.swift */ = {isa = PBXFileReference; lastKnownFileType = sourcecode.swift; path = AddEventViewController.swift; sourceTree = "<group>"; };
		CAC0ACDB1E949EC400DE0A76 /* Base */ = {isa = PBXFileReference; lastKnownFileType = file.storyboard; name = Base; path = Base.lproj/Main.storyboard; sourceTree = "<group>"; };
		CAC0ACDD1E949EC400DE0A76 /* Assets.xcassets */ = {isa = PBXFileReference; lastKnownFileType = folder.assetcatalog; path = Assets.xcassets; sourceTree = "<group>"; };
		CAC0ACE01E949EC400DE0A76 /* Base */ = {isa = PBXFileReference; lastKnownFileType = file.storyboard; name = Base; path = Base.lproj/LaunchScreen.storyboard; sourceTree = "<group>"; };
		CAC0ACE21E949EC400DE0A76 /* Info.plist */ = {isa = PBXFileReference; lastKnownFileType = text.plist.xml; path = Info.plist; sourceTree = "<group>"; };
		CAF7E53C1E9E044800427E6F /* QuestionTableViewCell.swift */ = {isa = PBXFileReference; fileEncoding = 4; lastKnownFileType = sourcecode.swift; path = QuestionTableViewCell.swift; sourceTree = "<group>"; };
		CAF7E5401E9E11D000427E6F /* EventDetailViewController.swift */ = {isa = PBXFileReference; fileEncoding = 4; lastKnownFileType = sourcecode.swift; path = EventDetailViewController.swift; sourceTree = "<group>"; };
		CAF7E5431E9E20AC00427E6F /* like-off.png */ = {isa = PBXFileReference; lastKnownFileType = image.png; name = "like-off.png"; path = "Images/like-off.png"; sourceTree = "<group>"; };
		CAF7E5441E9E20AC00427E6F /* like-on.png */ = {isa = PBXFileReference; lastKnownFileType = image.png; name = "like-on.png"; path = "Images/like-on.png"; sourceTree = "<group>"; };
		CAF7E5451E9E20AC00427E6F /* vote-off.png */ = {isa = PBXFileReference; lastKnownFileType = image.png; name = "vote-off.png"; path = "Images/vote-off.png"; sourceTree = "<group>"; };
		CAF7E5461E9E20AC00427E6F /* vote-on.png */ = {isa = PBXFileReference; lastKnownFileType = image.png; name = "vote-on.png"; path = "Images/vote-on.png"; sourceTree = "<group>"; };
		F1296FDA802285A6DE6760EA /* Pods-RealmQnA.release.xcconfig */ = {isa = PBXFileReference; includeInIndex = 1; lastKnownFileType = text.xcconfig; name = "Pods-RealmQnA.release.xcconfig"; path = "Pods/Target Support Files/Pods-RealmQnA/Pods-RealmQnA.release.xcconfig"; sourceTree = "<group>"; };
/* End PBXFileReference section */

/* Begin PBXFrameworksBuildPhase section */
		CAC0ACD01E949EC400DE0A76 /* Frameworks */ = {
			isa = PBXFrameworksBuildPhase;
			buildActionMask = 2147483647;
			files = (
				ECE751932060BD115616C580 /* Pods_RealmQnA.framework in Frameworks */,
			);
			runOnlyForDeploymentPostprocessing = 0;
		};
/* End PBXFrameworksBuildPhase section */

/* Begin PBXGroup section */
		9CC7060BADF5C8458AA325C3 /* Frameworks */ = {
			isa = PBXGroup;
			children = (
				BD816F903EFCE65490DE936B /* Pods_RealmQnA.framework */,
			);
			name = Frameworks;
			sourceTree = "<group>";
		};
		CAC0ACCA1E949EC400DE0A76 = {
			isa = PBXGroup;
			children = (
				CAC0ACD51E949EC400DE0A76 /* RealmQnA */,
				CAC0ACD41E949EC400DE0A76 /* Products */,
				FB5737D77844768837B568B9 /* Pods */,
				9CC7060BADF5C8458AA325C3 /* Frameworks */,
			);
			sourceTree = "<group>";
		};
		CAC0ACD41E949EC400DE0A76 /* Products */ = {
			isa = PBXGroup;
			children = (
				CAC0ACD31E949EC400DE0A76 /* RealmQnA.app */,
			);
			name = Products;
			sourceTree = "<group>";
		};
		CAC0ACD51E949EC400DE0A76 /* RealmQnA */ = {
			isa = PBXGroup;
			children = (
				CAF7E5421E9E209900427E6F /* Images */,
				CA1151721E96263D005D1FBD /* SharedFunctionality.swift */,
				CA1151741E962694005D1FBD /* Constants.swift */,
				CA11516A1E95DF31005D1FBD /* Question.swift */,
				CA11516C1E95E14C005D1FBD /* User.swift */,
				CA11516E1E960962005D1FBD /* Event.swift */,
				CAC0ACD61E949EC400DE0A76 /* AppDelegate.swift */,
				CAC0ACD81E949EC400DE0A76 /* AddEventViewController.swift */,
				CAC0ACDA1E949EC400DE0A76 /* Main.storyboard */,
				CAC0ACDD1E949EC400DE0A76 /* Assets.xcassets */,
				CAC0ACDF1E949EC400DE0A76 /* LaunchScreen.storyboard */,
				CAC0ACE21E949EC400DE0A76 /* Info.plist */,
				A87B9E301E9CAA500011D0F1 /* EventTableViewController.swift */,
				A87B9E321E9CB0D50011D0F1 /* EventTableViewCell.swift */,
				CAF7E5401E9E11D000427E6F /* EventDetailViewController.swift */,
				CAF7E53C1E9E044800427E6F /* QuestionTableViewCell.swift */,
			);
			path = RealmQnA;
			sourceTree = "<group>";
		};
		CAF7E5421E9E209900427E6F /* Images */ = {
			isa = PBXGroup;
			children = (
				CAF7E5431E9E20AC00427E6F /* like-off.png */,
				CAF7E5441E9E20AC00427E6F /* like-on.png */,
				CAF7E5451E9E20AC00427E6F /* vote-off.png */,
				CAF7E5461E9E20AC00427E6F /* vote-on.png */,
			);
			name = Images;
			sourceTree = "<group>";
		};
		FB5737D77844768837B568B9 /* Pods */ = {
			isa = PBXGroup;
			children = (
				92699347D316EA7016805D26 /* Pods-RealmQnA.debug.xcconfig */,
				F1296FDA802285A6DE6760EA /* Pods-RealmQnA.release.xcconfig */,
			);
			name = Pods;
			sourceTree = "<group>";
		};
/* End PBXGroup section */

/* Begin PBXNativeTarget section */
		CAC0ACD21E949EC400DE0A76 /* RealmQnA */ = {
			isa = PBXNativeTarget;
			buildConfigurationList = CAC0ACE51E949EC400DE0A76 /* Build configuration list for PBXNativeTarget "RealmQnA" */;
			buildPhases = (
				D783A75D29136C908B96AC59 /* [CP] Check Pods Manifest.lock */,
				CAC0ACCF1E949EC400DE0A76 /* Sources */,
				CAC0ACD01E949EC400DE0A76 /* Frameworks */,
				CAC0ACD11E949EC400DE0A76 /* Resources */,
				3A90249970621FC06868D5FD /* [CP] Embed Pods Frameworks */,
				3CC20FA42A4542F9168B773D /* [CP] Copy Pods Resources */,
			);
			buildRules = (
			);
			dependencies = (
			);
			name = RealmQnA;
			productName = RealmQnA;
			productReference = CAC0ACD31E949EC400DE0A76 /* RealmQnA.app */;
			productType = "com.apple.product-type.application";
		};
/* End PBXNativeTarget section */

/* Begin PBXProject section */
		CAC0ACCB1E949EC400DE0A76 /* Project object */ = {
			isa = PBXProject;
			attributes = {
				LastSwiftUpdateCheck = 0830;
				LastUpgradeCheck = 0830;
				ORGANIZATIONNAME = Eunjoo;
				TargetAttributes = {
					CAC0ACD21E949EC400DE0A76 = {
						CreatedOnToolsVersion = 8.3;
						DevelopmentTeam = 2REKM3AWZ4;
						ProvisioningStyle = Automatic;
					};
				};
			};
			buildConfigurationList = CAC0ACCE1E949EC400DE0A76 /* Build configuration list for PBXProject "RealmQnA" */;
			compatibilityVersion = "Xcode 3.2";
			developmentRegion = English;
			hasScannedForEncodings = 0;
			knownRegions = (
				en,
				Base,
			);
			mainGroup = CAC0ACCA1E949EC400DE0A76;
			productRefGroup = CAC0ACD41E949EC400DE0A76 /* Products */;
			projectDirPath = "";
			projectRoot = "";
			targets = (
				CAC0ACD21E949EC400DE0A76 /* RealmQnA */,
			);
		};
/* End PBXProject section */

/* Begin PBXResourcesBuildPhase section */
		CAC0ACD11E949EC400DE0A76 /* Resources */ = {
			isa = PBXResourcesBuildPhase;
			buildActionMask = 2147483647;
			files = (
				CAF7E5471E9E20AC00427E6F /* like-off.png in Resources */,
				CAC0ACE11E949EC400DE0A76 /* LaunchScreen.storyboard in Resources */,
				CAC0ACDE1E949EC400DE0A76 /* Assets.xcassets in Resources */,
				CAF7E54A1E9E20AC00427E6F /* vote-on.png in Resources */,
				CAC0ACDC1E949EC400DE0A76 /* Main.storyboard in Resources */,
				CAF7E5481E9E20AC00427E6F /* like-on.png in Resources */,
				CAF7E5491E9E20AC00427E6F /* vote-off.png in Resources */,
			);
			runOnlyForDeploymentPostprocessing = 0;
		};
/* End PBXResourcesBuildPhase section */

/* Begin PBXShellScriptBuildPhase section */
		3A90249970621FC06868D5FD /* [CP] Embed Pods Frameworks */ = {
			isa = PBXShellScriptBuildPhase;
			buildActionMask = 2147483647;
			files = (
			);
			inputPaths = (
			);
			name = "[CP] Embed Pods Frameworks";
			outputPaths = (
			);
			runOnlyForDeploymentPostprocessing = 0;
			shellPath = /bin/sh;
			shellScript = "\"${SRCROOT}/Pods/Target Support Files/Pods-RealmQnA/Pods-RealmQnA-frameworks.sh\"\n";
			showEnvVarsInLog = 0;
		};
		3CC20FA42A4542F9168B773D /* [CP] Copy Pods Resources */ = {
			isa = PBXShellScriptBuildPhase;
			buildActionMask = 2147483647;
			files = (
			);
			inputPaths = (
			);
			name = "[CP] Copy Pods Resources";
			outputPaths = (
			);
			runOnlyForDeploymentPostprocessing = 0;
			shellPath = /bin/sh;
			shellScript = "\"${SRCROOT}/Pods/Target Support Files/Pods-RealmQnA/Pods-RealmQnA-resources.sh\"\n";
			showEnvVarsInLog = 0;
		};
		D783A75D29136C908B96AC59 /* [CP] Check Pods Manifest.lock */ = {
			isa = PBXShellScriptBuildPhase;
			buildActionMask = 2147483647;
			files = (
			);
			inputPaths = (
			);
			name = "[CP] Check Pods Manifest.lock";
			outputPaths = (
			);
			runOnlyForDeploymentPostprocessing = 0;
			shellPath = /bin/sh;
			shellScript = "diff \"${PODS_ROOT}/../Podfile.lock\" \"${PODS_ROOT}/Manifest.lock\" > /dev/null\nif [ $? != 0 ] ; then\n    # print error to STDERR\n    echo \"error: The sandbox is not in sync with the Podfile.lock. Run 'pod install' or update your CocoaPods installation.\" >&2\n    exit 1\nfi\n";
			showEnvVarsInLog = 0;
		};
/* End PBXShellScriptBuildPhase section */

/* Begin PBXSourcesBuildPhase section */
		CAC0ACCF1E949EC400DE0A76 /* Sources */ = {
			isa = PBXSourcesBuildPhase;
			buildActionMask = 2147483647;
			files = (
				CAF7E53D1E9E044800427E6F /* QuestionTableViewCell.swift in Sources */,
				A87B9E331E9CB0D50011D0F1 /* EventTableViewCell.swift in Sources */,
				CA11516D1E95E14C005D1FBD /* User.swift in Sources */,
				CA11516B1E95DF31005D1FBD /* Question.swift in Sources */,
				A87B9E311E9CAA500011D0F1 /* EventTableViewController.swift in Sources */,
				CAC0ACD91E949EC400DE0A76 /* AddEventViewController.swift in Sources */,
				CAC0ACD71E949EC400DE0A76 /* AppDelegate.swift in Sources */,
				CA1151751E962694005D1FBD /* Constants.swift in Sources */,
				CA1151731E96263D005D1FBD /* SharedFunctionality.swift in Sources */,
				CAF7E5411E9E11D000427E6F /* EventDetailViewController.swift in Sources */,
				CA11516F1E960962005D1FBD /* Event.swift in Sources */,
			);
			runOnlyForDeploymentPostprocessing = 0;
		};
/* End PBXSourcesBuildPhase section */

/* Begin PBXVariantGroup section */
		CAC0ACDA1E949EC400DE0A76 /* Main.storyboard */ = {
			isa = PBXVariantGroup;
			children = (
				CAC0ACDB1E949EC400DE0A76 /* Base */,
			);
			name = Main.storyboard;
			sourceTree = "<group>";
		};
		CAC0ACDF1E949EC400DE0A76 /* LaunchScreen.storyboard */ = {
			isa = PBXVariantGroup;
			children = (
				CAC0ACE01E949EC400DE0A76 /* Base */,
			);
			name = LaunchScreen.storyboard;
			sourceTree = "<group>";
		};
/* End PBXVariantGroup section */

/* Begin XCBuildConfiguration section */
		CAC0ACE31E949EC400DE0A76 /* Debug */ = {
			isa = XCBuildConfiguration;
			buildSettings = {
				ALWAYS_SEARCH_USER_PATHS = NO;
				CLANG_ANALYZER_NONNULL = YES;
				CLANG_ANALYZER_NUMBER_OBJECT_CONVERSION = YES_AGGRESSIVE;
				CLANG_CXX_LANGUAGE_STANDARD = "gnu++0x";
				CLANG_CXX_LIBRARY = "libc++";
				CLANG_ENABLE_MODULES = YES;
				CLANG_ENABLE_OBJC_ARC = YES;
				CLANG_WARN_BOOL_CONVERSION = YES;
				CLANG_WARN_CONSTANT_CONVERSION = YES;
				CLANG_WARN_DIRECT_OBJC_ISA_USAGE = YES_ERROR;
				CLANG_WARN_DOCUMENTATION_COMMENTS = YES;
				CLANG_WARN_EMPTY_BODY = YES;
				CLANG_WARN_ENUM_CONVERSION = YES;
				CLANG_WARN_INFINITE_RECURSION = YES;
				CLANG_WARN_INT_CONVERSION = YES;
				CLANG_WARN_OBJC_ROOT_CLASS = YES_ERROR;
				CLANG_WARN_SUSPICIOUS_MOVE = YES;
				CLANG_WARN_UNREACHABLE_CODE = YES;
				CLANG_WARN__DUPLICATE_METHOD_MATCH = YES;
				"CODE_SIGN_IDENTITY[sdk=iphoneos*]" = "iPhone Developer";
				COPY_PHASE_STRIP = NO;
				DEBUG_INFORMATION_FORMAT = dwarf;
				ENABLE_STRICT_OBJC_MSGSEND = YES;
				ENABLE_TESTABILITY = YES;
				GCC_C_LANGUAGE_STANDARD = gnu99;
				GCC_DYNAMIC_NO_PIC = NO;
				GCC_NO_COMMON_BLOCKS = YES;
				GCC_OPTIMIZATION_LEVEL = 0;
				GCC_PREPROCESSOR_DEFINITIONS = (
					"DEBUG=1",
					"$(inherited)",
				);
				GCC_WARN_64_TO_32_BIT_CONVERSION = YES;
				GCC_WARN_ABOUT_RETURN_TYPE = YES_ERROR;
				GCC_WARN_UNDECLARED_SELECTOR = YES;
				GCC_WARN_UNINITIALIZED_AUTOS = YES_AGGRESSIVE;
				GCC_WARN_UNUSED_FUNCTION = YES;
				GCC_WARN_UNUSED_VARIABLE = YES;
				IPHONEOS_DEPLOYMENT_TARGET = 10.3;
				MTL_ENABLE_DEBUG_INFO = YES;
				ONLY_ACTIVE_ARCH = YES;
				SDKROOT = iphoneos;
				SWIFT_ACTIVE_COMPILATION_CONDITIONS = DEBUG;
				SWIFT_OPTIMIZATION_LEVEL = "-Onone";
			};
			name = Debug;
		};
		CAC0ACE41E949EC400DE0A76 /* Release */ = {
			isa = XCBuildConfiguration;
			buildSettings = {
				ALWAYS_SEARCH_USER_PATHS = NO;
				CLANG_ANALYZER_NONNULL = YES;
				CLANG_ANALYZER_NUMBER_OBJECT_CONVERSION = YES_AGGRESSIVE;
				CLANG_CXX_LANGUAGE_STANDARD = "gnu++0x";
				CLANG_CXX_LIBRARY = "libc++";
				CLANG_ENABLE_MODULES = YES;
				CLANG_ENABLE_OBJC_ARC = YES;
				CLANG_WARN_BOOL_CONVERSION = YES;
				CLANG_WARN_CONSTANT_CONVERSION = YES;
				CLANG_WARN_DIRECT_OBJC_ISA_USAGE = YES_ERROR;
				CLANG_WARN_DOCUMENTATION_COMMENTS = YES;
				CLANG_WARN_EMPTY_BODY = YES;
				CLANG_WARN_ENUM_CONVERSION = YES;
				CLANG_WARN_INFINITE_RECURSION = YES;
				CLANG_WARN_INT_CONVERSION = YES;
				CLANG_WARN_OBJC_ROOT_CLASS = YES_ERROR;
				CLANG_WARN_SUSPICIOUS_MOVE = YES;
				CLANG_WARN_UNREACHABLE_CODE = YES;
				CLANG_WARN__DUPLICATE_METHOD_MATCH = YES;
				"CODE_SIGN_IDENTITY[sdk=iphoneos*]" = "iPhone Developer";
				COPY_PHASE_STRIP = NO;
				DEBUG_INFORMATION_FORMAT = "dwarf-with-dsym";
				ENABLE_NS_ASSERTIONS = NO;
				ENABLE_STRICT_OBJC_MSGSEND = YES;
				GCC_C_LANGUAGE_STANDARD = gnu99;
				GCC_NO_COMMON_BLOCKS = YES;
				GCC_WARN_64_TO_32_BIT_CONVERSION = YES;
				GCC_WARN_ABOUT_RETURN_TYPE = YES_ERROR;
				GCC_WARN_UNDECLARED_SELECTOR = YES;
				GCC_WARN_UNINITIALIZED_AUTOS = YES_AGGRESSIVE;
				GCC_WARN_UNUSED_FUNCTION = YES;
				GCC_WARN_UNUSED_VARIABLE = YES;
				IPHONEOS_DEPLOYMENT_TARGET = 10.3;
				MTL_ENABLE_DEBUG_INFO = NO;
				SDKROOT = iphoneos;
				SWIFT_OPTIMIZATION_LEVEL = "-Owholemodule";
				VALIDATE_PRODUCT = YES;
			};
			name = Release;
		};
		CAC0ACE61E949EC400DE0A76 /* Debug */ = {
			isa = XCBuildConfiguration;
			baseConfigurationReference = 92699347D316EA7016805D26 /* Pods-RealmQnA.debug.xcconfig */;
			buildSettings = {
				ASSETCATALOG_COMPILER_APPICON_NAME = AppIcon;
				DEVELOPMENT_TEAM = 2REKM3AWZ4;
				INFOPLIST_FILE = RealmQnA/Info.plist;
				LD_RUNPATH_SEARCH_PATHS = "$(inherited) @executable_path/Frameworks";
				PRODUCT_BUNDLE_IDENTIFIER = io.realm.RealmQnA;
				PRODUCT_NAME = "$(TARGET_NAME)";
				SWIFT_VERSION = 3.0;
			};
			name = Debug;
		};
		CAC0ACE71E949EC400DE0A76 /* Release */ = {
			isa = XCBuildConfiguration;
			baseConfigurationReference = F1296FDA802285A6DE6760EA /* Pods-RealmQnA.release.xcconfig */;
			buildSettings = {
				ASSETCATALOG_COMPILER_APPICON_NAME = AppIcon;
				DEVELOPMENT_TEAM = 2REKM3AWZ4;
				INFOPLIST_FILE = RealmQnA/Info.plist;
				LD_RUNPATH_SEARCH_PATHS = "$(inherited) @executable_path/Frameworks";
				PRODUCT_BUNDLE_IDENTIFIER = io.realm.RealmQnA;
				PRODUCT_NAME = "$(TARGET_NAME)";
				SWIFT_VERSION = 3.0;
			};
			name = Release;
		};
/* End XCBuildConfiguration section */

/* Begin XCConfigurationList section */
		CAC0ACCE1E949EC400DE0A76 /* Build configuration list for PBXProject "RealmQnA" */ = {
			isa = XCConfigurationList;
			buildConfigurations = (
				CAC0ACE31E949EC400DE0A76 /* Debug */,
				CAC0ACE41E949EC400DE0A76 /* Release */,
			);
			defaultConfigurationIsVisible = 0;
			defaultConfigurationName = Release;
		};
		CAC0ACE51E949EC400DE0A76 /* Build configuration list for PBXNativeTarget "RealmQnA" */ = {
			isa = XCConfigurationList;
			buildConfigurations = (
				CAC0ACE61E949EC400DE0A76 /* Debug */,
				CAC0ACE71E949EC400DE0A76 /* Release */,
			);
			defaultConfigurationIsVisible = 0;
			defaultConfigurationName = Release;
		};
/* End XCConfigurationList section */
	};
	rootObject = CAC0ACCB1E949EC400DE0A76 /* Project object */;
}
